// !$*UTF8*$!
{
	archiveVersion = 1;
	classes = {
	};
	objectVersion = 48;
	objects = {

/* Begin PBXBuildFile section */
		383BFE991FFCB0090052E5AE /* AppDelegate.swift in Sources */ = {isa = PBXBuildFile; fileRef = 383BFE981FFCB0090052E5AE /* AppDelegate.swift */; };
		383BFE9B1FFCB0090052E5AE /* ViewController.swift in Sources */ = {isa = PBXBuildFile; fileRef = 383BFE9A1FFCB0090052E5AE /* ViewController.swift */; };
		383BFE9E1FFCB0090052E5AE /* Main.storyboard in Resources */ = {isa = PBXBuildFile; fileRef = 383BFE9C1FFCB0090052E5AE /* Main.storyboard */; };
		383BFEA01FFCB0090052E5AE /* Assets.xcassets in Resources */ = {isa = PBXBuildFile; fileRef = 383BFE9F1FFCB0090052E5AE /* Assets.xcassets */; };
		383BFEA31FFCB0090052E5AE /* LaunchScreen.storyboard in Resources */ = {isa = PBXBuildFile; fileRef = 383BFEA11FFCB0090052E5AE /* LaunchScreen.storyboard */; };
/* End PBXBuildFile section */

/* Begin PBXFileReference section */
		383BFE951FFCB0090052E5AE /* QuickFoodMenu.app */ = {isa = PBXFileReference; explicitFileType = wrapper.application; includeInIndex = 0; path = QuickFoodMenu.app; sourceTree = BUILT_PRODUCTS_DIR; };
		383BFE981FFCB0090052E5AE /* AppDelegate.swift */ = {isa = PBXFileReference; lastKnownFileType = sourcecode.swift; path = AppDelegate.swift; sourceTree = "<group>"; };
		383BFE9A1FFCB0090052E5AE /* ViewController.swift */ = {isa = PBXFileReference; lastKnownFileType = sourcecode.swift; path = ViewController.swift; sourceTree = "<group>"; };
		383BFE9D1FFCB0090052E5AE /* Base */ = {isa = PBXFileReference; lastKnownFileType = file.storyboard; name = Base; path = Base.lproj/Main.storyboard; sourceTree = "<group>"; };
		383BFE9F1FFCB0090052E5AE /* Assets.xcassets */ = {isa = PBXFileReference; lastKnownFileType = folder.assetcatalog; path = Assets.xcassets; sourceTree = "<group>"; };
		383BFEA21FFCB0090052E5AE /* Base */ = {isa = PBXFileReference; lastKnownFileType = file.storyboard; name = Base; path = Base.lproj/LaunchScreen.storyboard; sourceTree = "<group>"; };
		383BFEA41FFCB0090052E5AE /* Info.plist */ = {isa = PBXFileReference; lastKnownFileType = text.plist.xml; path = Info.plist; sourceTree = "<group>"; };
/* End PBXFileReference section */

/* Begin PBXFrameworksBuildPhase section */
		383BFE921FFCB0080052E5AE /* Frameworks */ = {
			isa = PBXFrameworksBuildPhase;
			buildActionMask = 2147483647;
			files = (
			);
			runOnlyForDeploymentPostprocessing = 0;
		};
/* End PBXFrameworksBuildPhase section */

/* Begin PBXGroup section */
		383BFE8C1FFCB0080052E5AE = {
			isa = PBXGroup;
			children = (
				383BFE971FFCB0090052E5AE /* QuickFoodMenu */,
				383BFE961FFCB0090052E5AE /* Products */,
			);
			sourceTree = "<group>";
		};
		383BFE961FFCB0090052E5AE /* Products */ = {
			isa = PBXGroup;
			children = (
				383BFE951FFCB0090052E5AE /* QuickFoodMenu.app */,
			);
			name = Products;
			sourceTree = "<group>";
		};
		383BFE971FFCB0090052E5AE /* QuickFoodMenu */ = {
			isa = PBXGroup;
			children = (
				383BFE981FFCB0090052E5AE /* AppDelegate.swift */,
				383BFE9A1FFCB0090052E5AE /* ViewController.swift */,
				383BFE9C1FFCB0090052E5AE /* Main.storyboard */,
				383BFE9F1FFCB0090052E5AE /* Assets.xcassets */,
				383BFEA11FFCB0090052E5AE /* LaunchScreen.storyboard */,
				383BFEA41FFCB0090052E5AE /* Info.plist */,
			);
			path = QuickFoodMenu;
			sourceTree = "<group>";
		};
/* End PBXGroup section */

/* Begin PBXNativeTarget section */
		383BFE941FFCB0080052E5AE /* QuickFoodMenu */ = {
			isa = PBXNativeTarget;
			buildConfigurationList = 383BFEA71FFCB0090052E5AE /* Build configuration list for PBXNativeTarget "QuickFoodMenu" */;
			buildPhases = (
				383BFE911FFCB0080052E5AE /* Sources */,
				383BFE921FFCB0080052E5AE /* Frameworks */,
				383BFE931FFCB0080052E5AE /* Resources */,
			);
			buildRules = (
			);
			dependencies = (
			);
			name = QuickFoodMenu;
			productName = QuickFoodMenu;
			productReference = 383BFE951FFCB0090052E5AE /* QuickFoodMenu.app */;
			productType = "com.apple.product-type.application";
		};
/* End PBXNativeTarget section */

/* Begin PBXProject section */
		383BFE8D1FFCB0080052E5AE /* Project object */ = {
			isa = PBXProject;
			attributes = {
				LastSwiftUpdateCheck = 0920;
				LastUpgradeCheck = 0920;
				ORGANIZATIONNAME = maojie;
				TargetAttributes = {
					383BFE941FFCB0080052E5AE = {
						CreatedOnToolsVersion = 9.2;
						ProvisioningStyle = Automatic;
					};
				};
			};
			buildConfigurationList = 383BFE901FFCB0080052E5AE /* Build configuration list for PBXProject "QuickFoodMenu" */;
			compatibilityVersion = "Xcode 8.0";
			developmentRegion = en;
			hasScannedForEncodings = 0;
			knownRegions = (
				en,
				Base,
			);
			mainGroup = 383BFE8C1FFCB0080052E5AE;
			productRefGroup = 383BFE961FFCB0090052E5AE /* Products */;
			projectDirPath = "";
			projectRoot = "";
			targets = (
				383BFE941FFCB0080052E5AE /* QuickFoodMenu */,
			);
		};
/* End PBXProject section */

/* Begin PBXResourcesBuildPhase section */
		383BFE931FFCB0080052E5AE /* Resources */ = {
			isa = PBXResourcesBuildPhase;
			buildActionMask = 2147483647;
			files = (
				383BFEA31FFCB0090052E5AE /* LaunchScreen.storyboard in Resources */,
				383BFEA01FFCB0090052E5AE /* Assets.xcassets in Resources */,
				383BFE9E1FFCB0090052E5AE /* Main.storyboard in Resources */,
			);
			runOnlyForDeploymentPostprocessing = 0;
		};
/* End PBXResourcesBuildPhase section */

/* Begin PBXSourcesBuildPhase section */
		383BFE911FFCB0080052E5AE /* Sources */ = {
			isa = PBXSourcesBuildPhase;
			buildActionMask = 2147483647;
			files = (
				383BFE9B1FFCB0090052E5AE /* ViewController.swift in Sources */,
				383BFE991FFCB0090052E5AE /* AppDelegate.swift in Sources */,
			);
			runOnlyForDeploymentPostprocessing = 0;
		};
/* End PBXSourcesBuildPhase section */

/* Begin PBXVariantGroup section */
		383BFE9C1FFCB0090052E5AE /* Main.storyboard */ = {
			isa = PBXVariantGroup;
			children = (
				383BFE9D1FFCB0090052E5AE /* Base */,
			);
			name = Main.storyboard;
			sourceTree = "<group>";
		};
		383BFEA11FFCB0090052E5AE /* LaunchScreen.storyboard */ = {
			isa = PBXVariantGroup;
			children = (
				383BFEA21FFCB0090052E5AE /* Base */,
			);
			name = LaunchScreen.storyboard;
			sourceTree = "<group>";
		};
/* End PBXVariantGroup section */

/* Begin XCBuildConfiguration section */
		383BFEA51FFCB0090052E5AE /* Debug */ = {
			isa = XCBuildConfiguration;
			buildSettings = {
				ALWAYS_SEARCH_USER_PATHS = NO;
				CLANG_ANALYZER_NONNULL = YES;
				CLANG_ANALYZER_NUMBER_OBJECT_CONVERSION = YES_AGGRESSIVE;
				CLANG_CXX_LANGUAGE_STANDARD = "gnu++14";
				CLANG_CXX_LIBRARY = "libc++";
				CLANG_ENABLE_MODULES = YES;
				CLANG_ENABLE_OBJC_ARC = YES;
				CLANG_WARN_BLOCK_CAPTURE_AUTORELEASING = YES;
				CLANG_WARN_BOOL_CONVERSION = YES;
				CLANG_WARN_COMMA = YES;
				CLANG_WARN_CONSTANT_CONVERSION = YES;
				CLANG_WARN_DIRECT_OBJC_ISA_USAGE = YES_ERROR;
				CLANG_WARN_DOCUMENTATION_COMMENTS = YES;
				CLANG_WARN_EMPTY_BODY = YES;
				CLANG_WARN_ENUM_CONVERSION = YES;
				CLANG_WARN_INFINITE_RECURSION = YES;
				CLANG_WARN_INT_CONVERSION = YES;
				CLANG_WARN_NON_LITERAL_NULL_CONVERSION = YES;
				CLANG_WARN_OBJC_LITERAL_CONVERSION = YES;
				CLANG_WARN_OBJC_ROOT_CLASS = YES_ERROR;
				CLANG_WARN_RANGE_LOOP_ANALYSIS = YES;
				CLANG_WARN_STRICT_PROTOTYPES = YES;
				CLANG_WARN_SUSPICIOUS_MOVE = YES;
				CLANG_WARN_UNGUARDED_AVAILABILITY = YES_AGGRESSIVE;
				CLANG_WARN_UNREACHABLE_CODE = YES;
				CLANG_WARN__DUPLICATE_METHOD_MATCH = YES;
				CODE_SIGN_IDENTITY = "iPhone Developer";
				COPY_PHASE_STRIP = NO;
				DEBUG_INFORMATION_FORMAT = dwarf;
				ENABLE_STRICT_OBJC_MSGSEND = YES;
				ENABLE_TESTABILITY = YES;
				GCC_C_LANGUAGE_STANDARD = gnu11;
				GCC_DYNAMIC_NO_PIC = NO;
				GCC_NO_COMMON_BLOCKS = YES;
				GCC_OPTIMIZATION_LEVEL = 0;
				GCC_PREPROCESSOR_DEFINITIONS = (
					"DEBUG=1",
					"$(inherited)",
				);
				GCC_WARN_64_TO_32_BIT_CONVERSION = YES;
				GCC_WARN_ABOUT_RETURN_TYPE = YES_ERROR;
				GCC_WARN_UNDECLARED_SELECTOR = YES;
				GCC_WARN_UNINITIALIZED_AUTOS = YES_AGGRESSIVE;
				GCC_WARN_UNUSED_FUNCTION = YES;
				GCC_WARN_UNUSED_VARIABLE = YES;
				IPHONEOS_DEPLOYMENT_TARGET = 11.2;
				MTL_ENABLE_DEBUG_INFO = YES;
				ONLY_ACTIVE_ARCH = YES;
				SDKROOT = iphoneos;
				SWIFT_ACTIVE_COMPILATION_CONDITIONS = DEBUG;
				SWIFT_OPTIMIZATION_LEVEL = "-Onone";
			};
			name = Debug;
		};
		383BFEA61FFCB0090052E5AE /* Release */ = {
			isa = XCBuildConfiguration;
			buildSettings = {
				ALWAYS_SEARCH_USER_PATHS = NO;
				CLANG_ANALYZER_NONNULL = YES;
				CLANG_ANALYZER_NUMBER_OBJECT_CONVERSION = YES_AGGRESSIVE;
				CLANG_CXX_LANGUAGE_STANDARD = "gnu++14";
				CLANG_CXX_LIBRARY = "libc++";
				CLANG_ENABLE_MODULES = YES;
				CLANG_ENABLE_OBJC_ARC = YES;
				CLANG_WARN_BLOCK_CAPTURE_AUTORELEASING = YES;
				CLANG_WARN_BOOL_CONVERSION = YES;
				CLANG_WARN_COMMA = YES;
				CLANG_WARN_CONSTANT_CONVERSION = YES;
				CLANG_WARN_DIRECT_OBJC_ISA_USAGE = YES_ERROR;
				CLANG_WARN_DOCUMENTATION_COMMENTS = YES;
				CLANG_WARN_EMPTY_BODY = YES;
				CLANG_WARN_ENUM_CONVERSION = YES;
				CLANG_WARN_INFINITE_RECURSION = YES;
				CLANG_WARN_INT_CONVERSION = YES;
				CLANG_WARN_NON_LITERAL_NULL_CONVERSION = YES;
				CLANG_WARN_OBJC_LITERAL_CONVERSION = YES;
				CLANG_WARN_OBJC_ROOT_CLASS = YES_ERROR;
				CLANG_WARN_RANGE_LOOP_ANALYSIS = YES;
				CLANG_WARN_STRICT_PROTOTYPES = YES;
				CLANG_WARN_SUSPICIOUS_MOVE = YES;
				CLANG_WARN_UNGUARDED_AVAILABILITY = YES_AGGRESSIVE;
				CLANG_WARN_UNREACHABLE_CODE = YES;
				CLANG_WARN__DUPLICATE_METHOD_MATCH = YES;
				CODE_SIGN_IDENTITY = "iPhone Developer";
				COPY_PHASE_STRIP = NO;
				DEBUG_INFORMATION_FORMAT = "dwarf-with-dsym";
				ENABLE_NS_ASSERTIONS = NO;
				ENABLE_STRICT_OBJC_MSGSEND = YES;
				GCC_C_LANGUAGE_STANDARD = gnu11;
				GCC_NO_COMMON_BLOCKS = YES;
				GCC_WARN_64_TO_32_BIT_CONVERSION = YES;
				GCC_WARN_ABOUT_RETURN_TYPE = YES_ERROR;
				GCC_WARN_UNDECLARED_SELECTOR = YES;
				GCC_WARN_UNINITIALIZED_AUTOS = YES_AGGRESSIVE;
				GCC_WARN_UNUSED_FUNCTION = YES;
				GCC_WARN_UNUSED_VARIABLE = YES;
				IPHONEOS_DEPLOYMENT_TARGET = 11.2;
				MTL_ENABLE_DEBUG_INFO = NO;
				SDKROOT = iphoneos;
				SWIFT_OPTIMIZATION_LEVEL = "-Owholemodule";
				VALIDATE_PRODUCT = YES;
			};
			name = Release;
		};
		383BFEA81FFCB0090052E5AE /* Debug */ = {
			isa = XCBuildConfiguration;
			buildSettings = {
				ASSETCATALOG_COMPILER_APPICON_NAME = AppIcon;
				CODE_SIGN_STYLE = Automatic;
				DEVELOPMENT_TEAM = 63Z5485ZG5;
				INFOPLIST_FILE = QuickFoodMenu/Info.plist;
				LD_RUNPATH_SEARCH_PATHS = "$(inherited) @executable_path/Frameworks";
				PRODUCT_BUNDLE_IDENTIFIER = com.maojie.QuickFoodMenu;
				PRODUCT_NAME = "$(TARGET_NAME)";
				SWIFT_VERSION = 4.0;
				TARGETED_DEVICE_FAMILY = "1,2";
			};
			name = Debug;
		};
		383BFEA91FFCB0090052E5AE /* Release */ = {
			isa = XCBuildConfiguration;
			buildSettings = {
				ASSETCATALOG_COMPILER_APPICON_NAME = AppIcon;
				CODE_SIGN_STYLE = Automatic;
				DEVELOPMENT_TEAM = 63Z5485ZG5;
				INFOPLIST_FILE = QuickFoodMenu/Info.plist;
				LD_RUNPATH_SEARCH_PATHS = "$(inherited) @executable_path/Frameworks";
				PRODUCT_BUNDLE_IDENTIFIER = com.maojie.QuickFoodMenu;
				PRODUCT_NAME = "$(TARGET_NAME)";
				SWIFT_VERSION = 4.0;
				TARGETED_DEVICE_FAMILY = "1,2";
			};
			name = Release;
		};
/* End XCBuildConfiguration section */

/* Begin XCConfigurationList section */
		383BFE901FFCB0080052E5AE /* Build configuration list for PBXProject "QuickFoodMenu" */ = {
			isa = XCConfigurationList;
			buildConfigurations = (
				383BFEA51FFCB0090052E5AE /* Debug */,
				383BFEA61FFCB0090052E5AE /* Release */,
			);
			defaultConfigurationIsVisible = 0;
			defaultConfigurationName = Release;
		};
		383BFEA71FFCB0090052E5AE /* Build configuration list for PBXNativeTarget "QuickFoodMenu" */ = {
			isa = XCConfigurationList;
			buildConfigurations = (
				383BFEA81FFCB0090052E5AE /* Debug */,
				383BFEA91FFCB0090052E5AE /* Release */,
			);
			defaultConfigurationIsVisible = 0;
			defaultConfigurationName = Release;
		};
/* End XCConfigurationList section */
	};
	rootObject = 383BFE8D1FFCB0080052E5AE /* Project object */;
}
